
Microsoft Visual Studio Solution File, Format Version 12.00
# Visual Studio Version 17
VisualStudioVersion = 17.4.33213.308
MinimumVisualStudioVersion = 10.0.40219.1
Project("{FAE04EC0-301F-11D3-BF4B-00C04F79EFBC}") = "bsnsNiche", "bsnsNiche.csproj", "{92F9D5FB-59FB-476B-9387-C5E81D78016D}"
EndProject
Global
	GlobalSection(SolutionConfigurationPlatforms) = preSolution
		Debug|Any CPU = Debug|Any CPU
		Release|Any CPU = Release|Any CPU
	EndGlobalSection
	GlobalSection(ProjectConfigurationPlatforms) = postSolution
		{92F9D5FB-59FB-476B-9387-C5E81D78016D}.Debug|Any CPU.ActiveCfg = Debug|Any CPU
		{92F9D5FB-59FB-476B-9387-C5E81D78016D}.Debug|Any CPU.Build.0 = Debug|Any CPU
		{92F9D5FB-59FB-476B-9387-C5E81D78016D}.Release|Any CPU.ActiveCfg = Release|Any CPU
		{92F9D5FB-59FB-476B-9387-C5E81D78016D}.Release|Any CPU.Build.0 = Release|Any CPU
	EndGlobalSection
	GlobalSection(SolutionProperties) = preSolution
		HideSolutionNode = FALSE
	EndGlobalSection
	GlobalSection(ExtensibilityGlobals) = postSolution
		SolutionGuid = {1ADA2C85-F8B6-4B88-87C0-4B79E0776EDD}
	EndGlobalSection
EndGlobal
